{
  "name": "@whcg/whcg-css-structure-example",
  "version": "1.0.0",
  "lockfileVersion": 1,
  "requires": true,
  "dependencies": {
    "@polymer/iron-a11y-keys-behavior": {
      "version": "3.0.0-pre.21",
      "resolved": "https://registry.npmjs.org/@polymer/iron-a11y-keys-behavior/-/iron-a11y-keys-behavior-3.0.0-pre.21.tgz",
      "integrity": "sha512-fdADeKVQsZ7Izg5H6pOM9VVFWMTVUGgMfGr6jzEW0ehZT6N7bTzBIjft2r8sh3qSx2zCUxQEgUUDoeXE9/yROA==",
      "requires": {
        "@polymer/polymer": "^3.0.0"
      }
    },
    "@polymer/iron-fit-behavior": {
      "version": "3.0.0-pre.21",
      "resolved": "https://registry.npmjs.org/@polymer/iron-fit-behavior/-/iron-fit-behavior-3.0.0-pre.21.tgz",
      "integrity": "sha512-j3F59w4xGfVbmw8PQruQz4b7tHpi2cmgVeuOuQM6eG0+wA6hu5O2I+LYJCQmCLuQN8LzFjATTOCDfhlDb2Pfcg==",
      "requires": {
        "@polymer/polymer": "^3.0.0"
      }
    },
    "@polymer/iron-flex-layout": {
      "version": "3.0.0-pre.21",
      "resolved": "https://registry.npmjs.org/@polymer/iron-flex-layout/-/iron-flex-layout-3.0.0-pre.21.tgz",
      "integrity": "sha512-/GFBWLBhpzycXmdyS+rzQxCa/ssCX5ZGEa0M/oMRsUK/hUKrj/XBNNYZ3BlyHf2NHELNqnwZLcIZB5EPjA0uwg==",
      "requires": {
        "@polymer/polymer": "^3.0.0"
      }
    },
    "@polymer/iron-icon": {
      "version": "3.0.0-pre.21",
      "resolved": "https://registry.npmjs.org/@polymer/iron-icon/-/iron-icon-3.0.0-pre.21.tgz",
      "integrity": "sha512-B/6ncM/JiKYOCkYtIsgztZuMzmMWAR5POGQ0r7TU0RaBzKstqTvn6NfRHeNzYjsOwBMse/wA6/qvgvCRgx6kWw==",
      "requires": {
        "@polymer/iron-flex-layout": "^3.0.0-pre.21",
        "@polymer/iron-meta": "^3.0.0-pre.21",
        "@polymer/polymer": "^3.0.0"
      }
    },
    "@polymer/iron-iconset-svg": {
      "version": "3.0.0-pre.21",
      "resolved": "https://registry.npmjs.org/@polymer/iron-iconset-svg/-/iron-iconset-svg-3.0.0-pre.21.tgz",
      "integrity": "sha512-YWdX3QROFHKsGds9wUDbD2u1hN6uG6oG4fEu/F16aHFQg9tu2oiSyRspGsOQlXJ28177Qc2rxQ1Kp8GdlzpMbw==",
      "requires": {
        "@polymer/iron-meta": "^3.0.0-pre.21",
        "@polymer/polymer": "^3.0.0"
      }
    },
    "@polymer/iron-media-query": {
      "version": "3.0.0-pre.21",
      "resolved": "https://registry.npmjs.org/@polymer/iron-media-query/-/iron-media-query-3.0.0-pre.21.tgz",
      "integrity": "sha512-hvuNZj53XBU6LDU93VDkOozH3Kn6Gd7hsi/KlOCHPocQFhCz+ChM3uSfC7Jf0cBLvS1VpH0hxUDAvQNlrx9H/w==",
      "requires": {
        "@polymer/polymer": "^3.0.0"
      }
    },
    "@polymer/iron-meta": {
      "version": "3.0.0-pre.21",
      "resolved": "https://registry.npmjs.org/@polymer/iron-meta/-/iron-meta-3.0.0-pre.21.tgz",
      "integrity": "sha512-RR24zD2t4rSJyjisMo5Cfy200FFYrsmRDZSX8wk1JdaDHVWLgq9DM1aa7/B7WI7sEWkckzVZPBthRFVB+PmVwA==",
      "requires": {
        "@polymer/polymer": "^3.0.0"
      }
    },
    "@polymer/iron-overlay-behavior": {
      "version": "3.0.0-pre.21",
      "resolved": "https://registry.npmjs.org/@polymer/iron-overlay-behavior/-/iron-overlay-behavior-3.0.0-pre.21.tgz",
      "integrity": "sha512-aHGtygYEXmFu0Y13vLuBfXm/obNlGnb4JdKCycB931ugfrloEwYo+8DcPyWdc3J0dMJDhv7pH8VZJglNdUQjZA==",
      "requires": {
        "@polymer/iron-a11y-keys-behavior": "^3.0.0-pre.21",
        "@polymer/iron-fit-behavior": "^3.0.0-pre.21",
        "@polymer/iron-resizable-behavior": "^3.0.0-pre.21",
        "@polymer/polymer": "^3.0.0"
      }
    },
    "@polymer/iron-resizable-behavior": {
      "version": "3.0.0-pre.21",
      "resolved": "https://registry.npmjs.org/@polymer/iron-resizable-behavior/-/iron-resizable-behavior-3.0.0-pre.21.tgz",
      "integrity": "sha512-V27DpRXUofbz8K43U5ITC2N/LIrqIrrmaslNxrnasTheiDiienpZDFBTCjO+eGz61Cijjs39VIEYF9TezbDY8A==",
      "requires": {
        "@polymer/polymer": "^3.0.0"
      }
    },
    "@polymer/polymer": {
      "version": "3.0.5",
      "resolved": "https://registry.npmjs.org/@polymer/polymer/-/polymer-3.0.5.tgz",
      "integrity": "sha512-Zbmhtr5vZ3NoHWwFYLKI4ff7yfE6DZopI8vaS7HvmUIuNqsv/EpEDXfNEYjqePQmkMX5LU9OIKV1eX/+9aveow==",
      "requires": {
        "@webcomponents/shadycss": "^1.2.0"
      }
    },
    "@vaadin/vaadin-button": {
      "version": "2.1.0-beta2",
      "resolved": "https://registry.npmjs.org/@vaadin/vaadin-button/-/vaadin-button-2.1.0-beta2.tgz",
      "integrity": "sha512-opJsiQiYrukayepzlrcVEK+NPc5e6h8PDG7a/sAbmgHiQTUyPbyzEjxCduFNxn+Dad2Eip0UADVKvoIJ7oNBcw==",
      "requires": {
        "@polymer/polymer": "^3.0.0",
        "@vaadin/vaadin-control-state-mixin": "^2.1.1",
        "@vaadin/vaadin-element-mixin": "^1.1.2",
        "@vaadin/vaadin-lumo-styles": "^1.1.0-beta1",
        "@vaadin/vaadin-material-styles": "^1.1.0-beta1",
        "@vaadin/vaadin-themable-mixin": "^1.2.1"
      }
    },
    "@vaadin/vaadin-checkbox": {
      "version": "2.2.0-beta2",
      "resolved": "https://registry.npmjs.org/@vaadin/vaadin-checkbox/-/vaadin-checkbox-2.2.0-beta2.tgz",
      "integrity": "sha512-r04vMUnnTB3FOPjJ5ZeteVePaqcpN0qvjMJH9Kty+mmcZYcUsMNd8YhBFsIBLlryitpwElcegxVu3h1VOjTvxw==",
      "requires": {
        "@polymer/polymer": "^3.0.0",
        "@vaadin/vaadin-control-state-mixin": "^2.1.1",
        "@vaadin/vaadin-element-mixin": "^1.1.2",
        "@vaadin/vaadin-lumo-styles": "^1.1.0-beta1",
        "@vaadin/vaadin-material-styles": "^1.1.0-beta1",
        "@vaadin/vaadin-themable-mixin": "^1.2.1"
      }
    },
    "@vaadin/vaadin-context-menu": {
      "version": "4.1.0-beta2",
      "resolved": "https://registry.npmjs.org/@vaadin/vaadin-context-menu/-/vaadin-context-menu-4.1.0-beta2.tgz",
      "integrity": "sha512-2STpdBpRFQq8DemzegJZE7wjuzBpd5M1ioE+EId6qEkQFxJKeOm4HCFRXPce4hSHE+hM+xDUdhhuc3TiiZqk0A==",
      "requires": {
        "@polymer/iron-media-query": "^3.0.0-pre.18",
        "@polymer/polymer": "^3.0.0",
        "@vaadin/vaadin-element-mixin": "^1.1.2",
        "@vaadin/vaadin-lumo-styles": "^1.1.0-beta1",
        "@vaadin/vaadin-material-styles": "^1.1.0-beta1",
        "@vaadin/vaadin-overlay": "^3.1.0-beta2",
        "@vaadin/vaadin-themable-mixin": "^1.2.1"
      }
    },
    "@vaadin/vaadin-control-state-mixin": {
      "version": "2.1.1",
      "resolved": "https://registry.npmjs.org/@vaadin/vaadin-control-state-mixin/-/vaadin-control-state-mixin-2.1.1.tgz",
      "integrity": "sha512-YYhDdEdnFQOAoLY4SVJB5eUZHGAw/YTIeEEql6lHLlENDYuJ7eaniNhL5mIuQTf/uqSauTl1c1S/IJl3D8zGPw==",
      "requires": {
        "@polymer/polymer": "^3.0.0"
      }
    },
    "@vaadin/vaadin-development-mode-detector": {
      "version": "1.1.0-beta1",
      "resolved": "https://registry.npmjs.org/@vaadin/vaadin-development-mode-detector/-/vaadin-development-mode-detector-1.1.0-beta1.tgz",
      "integrity": "sha512-ZVTqTrc1zNnAe1yejnV+fREglqX/mO3brInMCtjmbbrDuQ6s/6xfkAUl3b7o/nppGnxZUS683hyuK1Ie05zuUg==",
      "requires": {
        "@polymer/polymer": "^3.0.0"
      }
    },
    "@vaadin/vaadin-dialog": {
      "version": "2.1.0-beta2",
      "resolved": "https://registry.npmjs.org/@vaadin/vaadin-dialog/-/vaadin-dialog-2.1.0-beta2.tgz",
      "integrity": "sha512-K2FYAce3CssFXZOpXSypl5Kn1ziu+70wrRpRfi5Cnk8Om0hC2lNYC7FJLcetGsWWDV+aebdnnFB+8T63joCDdw==",
      "requires": {
        "@polymer/polymer": "^3.0.0",
        "@vaadin/vaadin-element-mixin": "^1.1.2",
        "@vaadin/vaadin-lumo-styles": "^1.1.0-beta1",
        "@vaadin/vaadin-material-styles": "^1.1.0-beta1",
        "@vaadin/vaadin-overlay": "^3.1.0-beta2",
        "@vaadin/vaadin-themable-mixin": "^1.2.1"
      }
    },
    "@vaadin/vaadin-dropdown-menu": {
      "version": "1.1.0-beta2",
      "resolved": "https://registry.npmjs.org/@vaadin/vaadin-dropdown-menu/-/vaadin-dropdown-menu-1.1.0-beta2.tgz",
      "integrity": "sha512-/ZRoxbhVBh6AQO8YV+p1LKVyp7tvcNARIkl/Djezv+2I7qPfwq16HIpem+icnB925SmgOt9koglUDJxDhmyYAg==",
      "requires": {
        "@polymer/iron-media-query": "^3.0.0-pre.18",
        "@polymer/polymer": "^3.0.0",
        "@vaadin/vaadin-control-state-mixin": "^2.1.1",
        "@vaadin/vaadin-element-mixin": "^1.1.2",
        "@vaadin/vaadin-lumo-styles": "^1.1.0-beta1",
        "@vaadin/vaadin-material-styles": "^1.1.0-beta1",
        "@vaadin/vaadin-overlay": "^3.1.0-beta2",
        "@vaadin/vaadin-text-field": "^2.1.0-beta2",
        "@vaadin/vaadin-themable-mixin": "^1.2.1"
      }
    },
    "@vaadin/vaadin-element-mixin": {
      "version": "1.1.2",
      "resolved": "https://registry.npmjs.org/@vaadin/vaadin-element-mixin/-/vaadin-element-mixin-1.1.2.tgz",
      "integrity": "sha512-gsnX2/xZZG8HqD9rbEyyXSJRv0BrTYU0RocjtGzGfD86rZiKhmPML04gD+0Sg74d3TH9HzCSvzeMKnQ0Zog12g==",
      "requires": {
        "@polymer/polymer": "^3.0.0",
        "@vaadin/vaadin-development-mode-detector": "^1.1.0-beta1",
        "@vaadin/vaadin-usage-statistics": "^1.1.0-beta1"
      }
    },
    "@vaadin/vaadin-item": {
      "version": "2.1.0-beta2",
      "resolved": "https://registry.npmjs.org/@vaadin/vaadin-item/-/vaadin-item-2.1.0-beta2.tgz",
      "integrity": "sha512-azPrSeikSXAwJ7FPaCmiOx1hIuQzOhNTJLKMst4Ye4yjvXlST+TRLhJVYQgpk84imvnprbYDAG7OUorsz9wroA==",
      "requires": {
        "@polymer/polymer": "^3.0.0",
        "@vaadin/vaadin-lumo-styles": "^1.1.0-beta1",
        "@vaadin/vaadin-material-styles": "^1.1.0-beta1",
        "@vaadin/vaadin-themable-mixin": "^1.2.1"
      }
    },
    "@vaadin/vaadin-list-box": {
      "version": "1.1.0-beta2",
      "resolved": "https://registry.npmjs.org/@vaadin/vaadin-list-box/-/vaadin-list-box-1.1.0-beta2.tgz",
      "integrity": "sha512-vzj06QaursIZVmq3EoWLc2SplFCCProOXYuVw2xe14lqGyNd50uR+LiJgC2jqquDf8xJ30bsJjER3Lh4WR0g7g==",
      "requires": {
        "@polymer/polymer": "^3.0.0",
        "@vaadin/vaadin-element-mixin": "^1.1.2",
        "@vaadin/vaadin-item": "^2.1.0-beta2",
        "@vaadin/vaadin-list-mixin": "^2.1.0-beta1",
        "@vaadin/vaadin-lumo-styles": "^1.1.0-beta1",
        "@vaadin/vaadin-material-styles": "^1.1.0-beta1",
        "@vaadin/vaadin-themable-mixin": "^1.2.1"
      }
    },
    "@vaadin/vaadin-list-mixin": {
      "version": "2.1.0-beta1",
      "resolved": "https://registry.npmjs.org/@vaadin/vaadin-list-mixin/-/vaadin-list-mixin-2.1.0-beta1.tgz",
      "integrity": "sha512-VGSEjfUyb/7HKKOu+v9TCArxW7t94NFXHy1CVX4R8YTfGaow/vznLAPbjNdszzknOVlzzTxdfG8PnbgDIsWXZw==",
      "requires": {
        "@polymer/polymer": "^3.0.0"
      }
    },
    "@vaadin/vaadin-lumo-styles": {
      "version": "1.1.0-beta1",
      "resolved": "https://registry.npmjs.org/@vaadin/vaadin-lumo-styles/-/vaadin-lumo-styles-1.1.0-beta1.tgz",
      "integrity": "sha512-SqHbRIUE+p2X3TguHmC87e9SdyAmHNQC4HQa95SB0fFT0irQznzKVmZt0Z+V7SIGBsoCTofOI0KP1GEgRf0JQQ==",
      "requires": {
        "@polymer/iron-icon": "^3.0.0-pre.18",
        "@polymer/iron-iconset-svg": "^3.0.0-pre.18",
        "@polymer/polymer": "^3.0.0"
      }
    },
    "@vaadin/vaadin-material-styles": {
      "version": "1.1.0-beta1",
      "resolved": "https://registry.npmjs.org/@vaadin/vaadin-material-styles/-/vaadin-material-styles-1.1.0-beta1.tgz",
      "integrity": "sha512-bZak3bBoU/iqb9nU5Kr+dJnRvAXaeYXBkh5sQvWDTi0IsGepsQ4+8mfCTb6thKWSrzyK+qy25fsKQgT1OCFqww==",
      "requires": {
        "@polymer/polymer": "^3.0.0"
      }
    },
    "@vaadin/vaadin-overlay": {
      "version": "3.1.0-beta2",
      "resolved": "https://registry.npmjs.org/@vaadin/vaadin-overlay/-/vaadin-overlay-3.1.0-beta2.tgz",
      "integrity": "sha512-YzFJB6mv8ctfFeH3m7eXCrVyM1vWf0H8hsjdbD8TodomDXKYfYGUQNJa6+RQ4RfT7aSTicJQvy9dHpH6ByJ9lw==",
      "requires": {
        "@polymer/iron-overlay-behavior": "^3.0.0-pre.18",
        "@polymer/polymer": "^3.0.0",
        "@vaadin/vaadin-lumo-styles": "^1.1.0-beta1",
        "@vaadin/vaadin-material-styles": "^1.1.0-beta1",
        "@vaadin/vaadin-themable-mixin": "^1.2.1"
      }
    },
    "@vaadin/vaadin-radio-button": {
      "version": "1.1.0-beta2",
      "resolved": "https://registry.npmjs.org/@vaadin/vaadin-radio-button/-/vaadin-radio-button-1.1.0-beta2.tgz",
      "integrity": "sha512-XVYehDTK1CLX+5dtVO9zufpgwE6Q7locajFQ8CJDu6KBO9TKX2Bpv52piwSPmcw3NR+lymLqnXTUbNrfkKU7qQ==",
      "requires": {
        "@polymer/polymer": "^3.0.0",
        "@vaadin/vaadin-control-state-mixin": "^2.1.1",
        "@vaadin/vaadin-element-mixin": "^1.1.2",
        "@vaadin/vaadin-lumo-styles": "^1.1.0-beta1",
        "@vaadin/vaadin-material-styles": "^1.1.0-beta1",
        "@vaadin/vaadin-themable-mixin": "^1.2.1"
      }
    },
    "@vaadin/vaadin-tabs": {
      "version": "2.1.0-beta2",
      "resolved": "https://registry.npmjs.org/@vaadin/vaadin-tabs/-/vaadin-tabs-2.1.0-beta2.tgz",
      "integrity": "sha512-3nDE3bgXRrG/euwZlzW9P46LT18KKHNDGjiAKE5UUtelzU6/0IvacID6DbGqa1w8SUxHaGjEOD8FE1w408ZIjg==",
      "requires": {
        "@polymer/iron-resizable-behavior": "^3.0.0-pre.18",
        "@polymer/polymer": "^3.0.0",
        "@vaadin/vaadin-element-mixin": "^1.1.2",
        "@vaadin/vaadin-item": "^2.1.0-beta2",
        "@vaadin/vaadin-list-mixin": "^2.1.0-beta1",
        "@vaadin/vaadin-lumo-styles": "^1.1.0-beta1",
        "@vaadin/vaadin-material-styles": "^1.1.0-beta1",
        "@vaadin/vaadin-themable-mixin": "^1.2.1"
      }
    },
    "@vaadin/vaadin-text-field": {
      "version": "2.1.0-beta2",
      "resolved": "https://registry.npmjs.org/@vaadin/vaadin-text-field/-/vaadin-text-field-2.1.0-beta2.tgz",
      "integrity": "sha512-zjWbFgxc8YzruUS35A89QoqYxFy6t5rJ2CjiGU5DHwYuR1inzdPQUq+eyz1TOA2OIa0/LWmU3eP88T1uj1+Pbw==",
      "requires": {
        "@polymer/polymer": "^3.0.0",
        "@vaadin/vaadin-control-state-mixin": "^2.1.1",
        "@vaadin/vaadin-element-mixin": "^1.1.2",
        "@vaadin/vaadin-lumo-styles": "^1.1.0-beta1",
        "@vaadin/vaadin-material-styles": "^1.1.0-beta1",
        "@vaadin/vaadin-themable-mixin": "^1.2.1"
      }
    },
    "@vaadin/vaadin-themable-mixin": {
      "version": "1.2.1",
      "resolved": "https://registry.npmjs.org/@vaadin/vaadin-themable-mixin/-/vaadin-themable-mixin-1.2.1.tgz",
      "integrity": "sha512-5mWCS/Xv2A2pFLtTSNcXl6VuUklihhXfm8JY5MzVaRRg4idYhRroDGIILGTa3NaMDWC9BaTWJgNa+g9rkMKMXQ==",
      "requires": {
        "@polymer/polymer": "^3.0.0"
      }
    },
    "@vaadin/vaadin-usage-statistics": {
      "version": "1.1.0-beta1",
      "resolved": "https://registry.npmjs.org/@vaadin/vaadin-usage-statistics/-/vaadin-usage-statistics-1.1.0-beta1.tgz",
      "integrity": "sha512-ribGDrQg6NI/Wf1JEZdNEEAb6oFdDJmuVoSSwoiBzvkUPr+qHn+3VaKUlan0kfdOHNeQPDllbIqSSeqfjz2EKw==",
      "requires": {
        "@polymer/polymer": "^3.0.0"
      }
    },
    "@webcomponents/shadycss": {
      "version": "1.4.0",
      "resolved": "https://registry.npmjs.org/@webcomponents/shadycss/-/shadycss-1.4.0.tgz",
      "integrity": "sha512-/OK+M06S9YbnTXAHm1QtHhONo0msBej/V84x3ZpSV+sJa1jp/FfOv0mW0IWdluU94QlVrPnJxK2t+Czggfivig=="
    },
    "@whcg/whcg-button": {
      "version": "1.0.0",
      "resolved": "https://registry.npmjs.org/@whcg/whcg-button/-/whcg-button-1.0.0.tgz",
      "integrity": "sha512-C8ldcY8ndlJ4GOocV0twWnUiQNU1I6t9BOxpBmRsRqfFD7CkBad5Co5ew9H/FrQZ6fXfGzabPKdqeXq4MYBQ9Q==",
      "requires": {
        "@vaadin/vaadin-button": "^2.1.0-beta2"
      }
    },
    "@whcg/whcg-chip": {
      "version": "1.0.2",
      "resolved": "https://registry.npmjs.org/@whcg/whcg-chip/-/whcg-chip-1.0.2.tgz",
      "integrity": "sha512-ZEfYZYcaqKZVZh3i6A6+sreWlBa2ylDn6w9l2fasHfJqQTCNgbtw+BZyJkJrOcrftoZgaIywDMg46baMI2gAQA==",
      "requires": {
        "@vaadin/vaadin-button": "^2.1.0-beta2"
      }
    },
    "@whcg/whcg-general-styles": {
      "version": "1.0.0",
      "resolved": "https://registry.npmjs.org/@whcg/whcg-general-styles/-/whcg-general-styles-1.0.0.tgz",
      "integrity": "sha512-ir0E3za0xqYZB/mzUzoPaSkbC4PtKHAqnLf4BefgOK01THzQGAHWcuLLskBYM88k8Tyk8BAcKNktAOcT2PO+cg=="
    },
    "@whcg/whcg-lit-text-field": {
      "version": "1.0.15",
      "resolved": "https://registry.npmjs.org/@whcg/whcg-lit-text-field/-/whcg-lit-text-field-1.0.15.tgz",
      "integrity": "sha512-frljqaW5veWOeglxfi6UYJKen9/AAKw0zNTlUFUsxgJmRlduS2x30snRVe4VN0tSe/C4REnZ1k/Cu1Ksora3KA=="
    },
    "@whcg/whcg-number-field": {
      "version": "1.0.9",
      "resolved": "https://registry.npmjs.org/@whcg/whcg-number-field/-/whcg-number-field-1.0.9.tgz",
      "integrity": "sha512-PmrCMPKpsYHZzZJmtpPsVmRqmxnELgTp55W2BArEoPGAgJIaZy6kpFb3J4Sm7jN7AouLJLu6zG1OlhrtBWEpWA==",
      "requires": {
        "@vaadin/vaadin-text-field": "^2.1.0-beta2"
      }
    },
    "@whcg/whcg-search-box": {
      "version": "1.0.0",
      "resolved": "https://registry.npmjs.org/@whcg/whcg-search-box/-/whcg-search-box-1.0.0.tgz",
      "integrity": "sha512-QiUEwSoa1m6fC7UPXcBkzOgbmLZrjNqFg7dZLuAF9z7AGWwh1GEAjx6mGPLrEu/45WmfC3MK8Zu6VZc8gy0auQ==",
      "requires": {
        "@whcg/whcg-button": "^1.0.0",
        "@whcg/whcg-number-field": "^1.0.7"
      }
    },
    "@whcg/whcg-select": {
      "version": "1.0.0",
      "resolved": "https://registry.npmjs.org/@whcg/whcg-select/-/whcg-select-1.0.0.tgz",
      "integrity": "sha512-z4AbtND5URQgnGZ0XEiWbsWfPiFxNyngaUGJCd/D4PahN1c41A0paDb0SSSdaIZ7IsBw1mk2mebiQ9hxYMww4g=="
    }
  }
}
