{
  "name": "@whcg/whcg-css-structure-example",
  "version": "1.0.0",
  "lockfileVersion": 1,
  "requires": true,
  "dependencies": {
    "@polymer/app-layout": {
      "version": "3.0.0-pre.21",
      "resolved": "https://registry.npmjs.org/@polymer/app-layout/-/app-layout-3.0.0-pre.21.tgz",
      "integrity": "sha512-yQpUQR3zFJWb/sS5wU1prcuyjL6yzKD7L+qRoK0TYLcS7kHO6k3vB4ufHg//lN4HHhOvw3Q5dwe2bgVdlm0ELw==",
      "requires": {
        "@polymer/iron-flex-layout": "^3.0.0-pre.21",
        "@polymer/iron-media-query": "^3.0.0-pre.21",
        "@polymer/iron-resizable-behavior": "^3.0.0-pre.21",
        "@polymer/iron-scroll-target-behavior": "^3.0.0-pre.21",
        "@polymer/polymer": "^3.0.0"
      }
    },
    "@polymer/app-route": {
      "version": "3.0.0-pre.21",
      "resolved": "https://registry.npmjs.org/@polymer/app-route/-/app-route-3.0.0-pre.21.tgz",
      "integrity": "sha512-LNYGgz9s4Gi/ykjJbOvTaqbM7fPlhZzhhfrQt/2WPc6/qCNzCKT2G3qqYUiMFnMvjIrAIT6Bqn8GAMFFUHQVQw==",
      "requires": {
        "@polymer/iron-location": "^3.0.0-pre.21",
        "@polymer/polymer": "^3.0.0"
      }
    },
    "@polymer/font-roboto": {
      "version": "3.0.0-pre.21",
      "resolved": "https://registry.npmjs.org/@polymer/font-roboto/-/font-roboto-3.0.0-pre.21.tgz",
      "integrity": "sha512-1DnYDaoyTeSmZzocj7jhHS8tM1j+FJNTrMEOyudLKF8sqGzmlz48XyMRbt4RL4pO9szz5vJ8xhS+4WUPHFj9OA=="
    },
    "@polymer/iron-a11y-announcer": {
      "version": "3.0.0-pre.21",
      "resolved": "https://registry.npmjs.org/@polymer/iron-a11y-announcer/-/iron-a11y-announcer-3.0.0-pre.21.tgz",
      "integrity": "sha512-n35ck7y5aQweRxK2JvEe7sFE/LbUd/b5EW8tYPa/96iZw1qcTHWtIKdMJjDH18YroKVFH4Ncz4/0Xg7GChLhvA==",
      "requires": {
        "@polymer/polymer": "^3.0.0"
      }
    },
    "@polymer/iron-a11y-keys-behavior": {
      "version": "3.0.0-pre.21",
      "resolved": "https://registry.npmjs.org/@polymer/iron-a11y-keys-behavior/-/iron-a11y-keys-behavior-3.0.0-pre.21.tgz",
      "integrity": "sha512-fdADeKVQsZ7Izg5H6pOM9VVFWMTVUGgMfGr6jzEW0ehZT6N7bTzBIjft2r8sh3qSx2zCUxQEgUUDoeXE9/yROA==",
      "requires": {
        "@polymer/polymer": "^3.0.0"
      }
    },
    "@polymer/iron-ajax": {
      "version": "3.0.0-pre.21",
      "resolved": "https://registry.npmjs.org/@polymer/iron-ajax/-/iron-ajax-3.0.0-pre.21.tgz",
      "integrity": "sha512-ThdEkmsyAwfEsz8l08uiDp0rHzBe+aCPix+wqsomxoZf7zpUtCr7k8EDhp1u9CLxNO7HRv4SPApM110GVAQA9Q==",
      "requires": {
        "@polymer/polymer": "^3.0.0"
      }
    },
    "@polymer/iron-behaviors": {
      "version": "3.0.0-pre.21",
      "resolved": "https://registry.npmjs.org/@polymer/iron-behaviors/-/iron-behaviors-3.0.0-pre.21.tgz",
      "integrity": "sha512-sxdLri6CMNs6kty8sPDYGuAX9LofbEn2r/qI3QkJZUXFZhZUSGwCmoDt9yMWffNSamUsEDURLafYW09jOEhtRQ==",
      "requires": {
        "@polymer/iron-a11y-keys-behavior": "^3.0.0-pre.21",
        "@polymer/polymer": "^3.0.0"
      }
    },
    "@polymer/iron-checked-element-behavior": {
      "version": "3.0.0-pre.21",
      "resolved": "https://registry.npmjs.org/@polymer/iron-checked-element-behavior/-/iron-checked-element-behavior-3.0.0-pre.21.tgz",
      "integrity": "sha512-ZpyKomXudcOM1vGvfqwFkrlTumChStbNy5rRFKbdCbsUeZsXV83LIHfkXxMhJJ5hEIExvK4pDcnv/wEdFggXPQ==",
      "requires": {
        "@polymer/iron-form-element-behavior": "^3.0.0-pre.21",
        "@polymer/iron-validatable-behavior": "^3.0.0-pre.21",
        "@polymer/polymer": "^3.0.0"
      }
    },
    "@polymer/iron-fit-behavior": {
      "version": "3.0.0-pre.21",
      "resolved": "https://registry.npmjs.org/@polymer/iron-fit-behavior/-/iron-fit-behavior-3.0.0-pre.21.tgz",
      "integrity": "sha512-j3F59w4xGfVbmw8PQruQz4b7tHpi2cmgVeuOuQM6eG0+wA6hu5O2I+LYJCQmCLuQN8LzFjATTOCDfhlDb2Pfcg==",
      "requires": {
        "@polymer/polymer": "^3.0.0"
      }
    },
    "@polymer/iron-flex-layout": {
      "version": "3.0.0-pre.21",
      "resolved": "https://registry.npmjs.org/@polymer/iron-flex-layout/-/iron-flex-layout-3.0.0-pre.21.tgz",
      "integrity": "sha512-/GFBWLBhpzycXmdyS+rzQxCa/ssCX5ZGEa0M/oMRsUK/hUKrj/XBNNYZ3BlyHf2NHELNqnwZLcIZB5EPjA0uwg==",
      "requires": {
        "@polymer/polymer": "^3.0.0"
      }
    },
    "@polymer/iron-form-element-behavior": {
      "version": "3.0.0-pre.21",
      "resolved": "https://registry.npmjs.org/@polymer/iron-form-element-behavior/-/iron-form-element-behavior-3.0.0-pre.21.tgz",
      "integrity": "sha512-E9oS0ryZw7FPQ/XMmBaKScyv8l/z86kKpIfXm+WLbqapu5FIuNE54z/73QUs5uoKI+H8gR9UL48mzZGCiGEMDw==",
      "requires": {
        "@polymer/polymer": "^3.0.0"
      }
    },
    "@polymer/iron-icon": {
      "version": "3.0.0-pre.21",
      "resolved": "https://registry.npmjs.org/@polymer/iron-icon/-/iron-icon-3.0.0-pre.21.tgz",
      "integrity": "sha512-B/6ncM/JiKYOCkYtIsgztZuMzmMWAR5POGQ0r7TU0RaBzKstqTvn6NfRHeNzYjsOwBMse/wA6/qvgvCRgx6kWw==",
      "requires": {
        "@polymer/iron-flex-layout": "^3.0.0-pre.21",
        "@polymer/iron-meta": "^3.0.0-pre.21",
        "@polymer/polymer": "^3.0.0"
      }
    },
    "@polymer/iron-iconset-svg": {
      "version": "3.0.0-pre.21",
      "resolved": "https://registry.npmjs.org/@polymer/iron-iconset-svg/-/iron-iconset-svg-3.0.0-pre.21.tgz",
      "integrity": "sha512-YWdX3QROFHKsGds9wUDbD2u1hN6uG6oG4fEu/F16aHFQg9tu2oiSyRspGsOQlXJ28177Qc2rxQ1Kp8GdlzpMbw==",
      "requires": {
        "@polymer/iron-meta": "^3.0.0-pre.21",
        "@polymer/polymer": "^3.0.0"
      }
    },
    "@polymer/iron-location": {
      "version": "3.0.0-pre.21",
      "resolved": "https://registry.npmjs.org/@polymer/iron-location/-/iron-location-3.0.0-pre.21.tgz",
      "integrity": "sha512-NIAAGKkvUkfkVg3lge4r66WdcTXTZfhNwADWwh5REcM5rubqMWb6PKb+K/6bumDEODYtI5waL3ewOeFMdONUHA==",
      "requires": {
        "@polymer/polymer": "^3.0.0"
      }
    },
    "@polymer/iron-media-query": {
      "version": "3.0.0-pre.21",
      "resolved": "https://registry.npmjs.org/@polymer/iron-media-query/-/iron-media-query-3.0.0-pre.21.tgz",
      "integrity": "sha512-hvuNZj53XBU6LDU93VDkOozH3Kn6Gd7hsi/KlOCHPocQFhCz+ChM3uSfC7Jf0cBLvS1VpH0hxUDAvQNlrx9H/w==",
      "requires": {
        "@polymer/polymer": "^3.0.0"
      }
    },
    "@polymer/iron-meta": {
      "version": "3.0.0-pre.21",
      "resolved": "https://registry.npmjs.org/@polymer/iron-meta/-/iron-meta-3.0.0-pre.21.tgz",
      "integrity": "sha512-RR24zD2t4rSJyjisMo5Cfy200FFYrsmRDZSX8wk1JdaDHVWLgq9DM1aa7/B7WI7sEWkckzVZPBthRFVB+PmVwA==",
      "requires": {
        "@polymer/polymer": "^3.0.0"
      }
    },
    "@polymer/iron-overlay-behavior": {
      "version": "3.0.0-pre.21",
      "resolved": "https://registry.npmjs.org/@polymer/iron-overlay-behavior/-/iron-overlay-behavior-3.0.0-pre.21.tgz",
      "integrity": "sha512-aHGtygYEXmFu0Y13vLuBfXm/obNlGnb4JdKCycB931ugfrloEwYo+8DcPyWdc3J0dMJDhv7pH8VZJglNdUQjZA==",
      "requires": {
        "@polymer/iron-a11y-keys-behavior": "^3.0.0-pre.21",
        "@polymer/iron-fit-behavior": "^3.0.0-pre.21",
        "@polymer/iron-resizable-behavior": "^3.0.0-pre.21",
        "@polymer/polymer": "^3.0.0"
      }
    },
    "@polymer/iron-pages": {
      "version": "3.0.0-pre.21",
      "resolved": "https://registry.npmjs.org/@polymer/iron-pages/-/iron-pages-3.0.0-pre.21.tgz",
      "integrity": "sha512-RriSSsfOeSPjhcb8gujCsQ7um0611yDkk14MYoAZwH6rIfnZhsXco4+lsAMbMtU4GhVLLC4+jutGKCXzFVhpLg==",
      "requires": {
        "@polymer/iron-resizable-behavior": "^3.0.0-pre.21",
        "@polymer/iron-selector": "^3.0.0-pre.21",
        "@polymer/polymer": "^3.0.0"
      }
    },
    "@polymer/iron-resizable-behavior": {
      "version": "3.0.0-pre.21",
      "resolved": "https://registry.npmjs.org/@polymer/iron-resizable-behavior/-/iron-resizable-behavior-3.0.0-pre.21.tgz",
      "integrity": "sha512-V27DpRXUofbz8K43U5ITC2N/LIrqIrrmaslNxrnasTheiDiienpZDFBTCjO+eGz61Cijjs39VIEYF9TezbDY8A==",
      "requires": {
        "@polymer/polymer": "^3.0.0"
      }
    },
    "@polymer/iron-scroll-target-behavior": {
      "version": "3.0.0-pre.21",
      "resolved": "https://registry.npmjs.org/@polymer/iron-scroll-target-behavior/-/iron-scroll-target-behavior-3.0.0-pre.21.tgz",
      "integrity": "sha512-bHW5eKtXmSHzZbMAo7cUgORkLKToMawY4+jHQCUyghmX+pRCnedOF56YJW96Ix60/NzU1SLrEin1RMDjlISw/w==",
      "requires": {
        "@polymer/polymer": "^3.0.0"
      }
    },
    "@polymer/iron-selector": {
      "version": "3.0.0-pre.21",
      "resolved": "https://registry.npmjs.org/@polymer/iron-selector/-/iron-selector-3.0.0-pre.21.tgz",
      "integrity": "sha512-vfBRGY1EggP/mk7AbZAzVfYaPVh+ZCcH4mX8QccW8ZTrU0F6QXhoPAgss0gAFc+pz79C3irqDfVvoViQrmOUDw==",
      "requires": {
        "@polymer/polymer": "^3.0.0"
      }
    },
    "@polymer/iron-validatable-behavior": {
      "version": "3.0.0-pre.21",
      "resolved": "https://registry.npmjs.org/@polymer/iron-validatable-behavior/-/iron-validatable-behavior-3.0.0-pre.21.tgz",
      "integrity": "sha512-G4yxCe2xp9+jJ0MkjqC26MKo1FqsvUrnmqpCtJiVBLlpZEUx1b2lZz2ZzynXpnisg9EuZ3xtHtOge5UFTNoG+w==",
      "requires": {
        "@polymer/iron-meta": "^3.0.0-pre.21",
        "@polymer/polymer": "^3.0.0"
      }
    },
    "@polymer/paper-behaviors": {
      "version": "3.0.0-pre.21",
      "resolved": "https://registry.npmjs.org/@polymer/paper-behaviors/-/paper-behaviors-3.0.0-pre.21.tgz",
      "integrity": "sha512-CiS/1K9b+b5qxpykr5P/ZeO5le06H7aaR/ymPWJ/m0ioFcSyzRPWlEwjDwiqqCBCmwmdsLXvLYmB2Z6oLiXqPQ==",
      "requires": {
        "@polymer/iron-behaviors": "^3.0.0-pre.21",
        "@polymer/iron-checked-element-behavior": "^3.0.0-pre.21",
        "@polymer/paper-ripple": "^3.0.0-pre.21",
        "@polymer/polymer": "^3.0.0"
      }
    },
    "@polymer/paper-button": {
      "version": "3.0.0-pre.21",
      "resolved": "https://registry.npmjs.org/@polymer/paper-button/-/paper-button-3.0.0-pre.21.tgz",
      "integrity": "sha512-V4GBy/3MK0uA3XRwds87XxCCGVUdsSi4gzCw4wBXtJdPF/nUr/mWPgUcQO7bx4Yz7Bih7PxYcRPSPN5lucMjRw==",
      "requires": {
        "@polymer/iron-flex-layout": "^3.0.0-pre.21",
        "@polymer/paper-behaviors": "^3.0.0-pre.21",
        "@polymer/paper-styles": "^3.0.0-pre.21",
        "@polymer/polymer": "^3.0.0"
      }
    },
    "@polymer/paper-ripple": {
      "version": "3.0.0-pre.21",
      "resolved": "https://registry.npmjs.org/@polymer/paper-ripple/-/paper-ripple-3.0.0-pre.21.tgz",
      "integrity": "sha512-qqNdU1/57WtMr+3NiAVI2zXw4LrEX9QD9jwifIgJXWj+lqe0YMeKrXOvCYHvV8nv9Owq7dRGvhOXM++E+imoLQ==",
      "requires": {
        "@polymer/iron-a11y-keys-behavior": "^3.0.0-pre.21",
        "@polymer/polymer": "^3.0.0"
      }
    },
    "@polymer/paper-styles": {
      "version": "3.0.0-pre.21",
      "resolved": "https://registry.npmjs.org/@polymer/paper-styles/-/paper-styles-3.0.0-pre.21.tgz",
      "integrity": "sha512-GJB0EirkY17N05kbTMDa8aABvQ2GIE95LMt7aOy16VG6sjh1TFS0gUOnoGgHA7ZUUZsOP3BdNqxKYzgQ+9m/GA==",
      "requires": {
        "@polymer/font-roboto": "^3.0.0-pre.21",
        "@polymer/iron-flex-layout": "^3.0.0-pre.21",
        "@polymer/polymer": "^3.0.0"
      }
    },
    "@polymer/polymer": {
      "version": "3.0.5",
      "resolved": "https://registry.npmjs.org/@polymer/polymer/-/polymer-3.0.5.tgz",
      "integrity": "sha512-Zbmhtr5vZ3NoHWwFYLKI4ff7yfE6DZopI8vaS7HvmUIuNqsv/EpEDXfNEYjqePQmkMX5LU9OIKV1eX/+9aveow==",
      "requires": {
        "@webcomponents/shadycss": "^1.2.0"
      }
    },
    "@vaadin/vaadin-button": {
      "version": "2.1.0-beta2",
      "resolved": "https://registry.npmjs.org/@vaadin/vaadin-button/-/vaadin-button-2.1.0-beta2.tgz",
      "integrity": "sha512-opJsiQiYrukayepzlrcVEK+NPc5e6h8PDG7a/sAbmgHiQTUyPbyzEjxCduFNxn+Dad2Eip0UADVKvoIJ7oNBcw==",
      "requires": {
        "@polymer/polymer": "^3.0.0",
        "@vaadin/vaadin-control-state-mixin": "^2.1.1",
        "@vaadin/vaadin-element-mixin": "^1.1.2",
        "@vaadin/vaadin-lumo-styles": "^1.1.0-beta1",
        "@vaadin/vaadin-material-styles": "^1.1.0-beta1",
        "@vaadin/vaadin-themable-mixin": "^1.2.1"
      }
    },
    "@vaadin/vaadin-checkbox": {
      "version": "2.2.0-beta2",
      "resolved": "https://registry.npmjs.org/@vaadin/vaadin-checkbox/-/vaadin-checkbox-2.2.0-beta2.tgz",
      "integrity": "sha512-r04vMUnnTB3FOPjJ5ZeteVePaqcpN0qvjMJH9Kty+mmcZYcUsMNd8YhBFsIBLlryitpwElcegxVu3h1VOjTvxw==",
      "requires": {
        "@polymer/polymer": "^3.0.0",
        "@vaadin/vaadin-control-state-mixin": "^2.1.1",
        "@vaadin/vaadin-element-mixin": "^1.1.2",
        "@vaadin/vaadin-lumo-styles": "^1.1.0-beta1",
        "@vaadin/vaadin-material-styles": "^1.1.0-beta1",
        "@vaadin/vaadin-themable-mixin": "^1.2.1"
      }
    },
    "@vaadin/vaadin-context-menu": {
      "version": "4.1.0-beta2",
      "resolved": "https://registry.npmjs.org/@vaadin/vaadin-context-menu/-/vaadin-context-menu-4.1.0-beta2.tgz",
      "integrity": "sha512-2STpdBpRFQq8DemzegJZE7wjuzBpd5M1ioE+EId6qEkQFxJKeOm4HCFRXPce4hSHE+hM+xDUdhhuc3TiiZqk0A==",
      "requires": {
        "@polymer/iron-media-query": "^3.0.0-pre.18",
        "@polymer/polymer": "^3.0.0",
        "@vaadin/vaadin-element-mixin": "^1.1.2",
        "@vaadin/vaadin-lumo-styles": "^1.1.0-beta1",
        "@vaadin/vaadin-material-styles": "^1.1.0-beta1",
        "@vaadin/vaadin-overlay": "^3.1.0-beta2",
        "@vaadin/vaadin-themable-mixin": "^1.2.1"
      }
    },
    "@vaadin/vaadin-control-state-mixin": {
      "version": "2.1.1",
      "resolved": "https://registry.npmjs.org/@vaadin/vaadin-control-state-mixin/-/vaadin-control-state-mixin-2.1.1.tgz",
      "integrity": "sha512-YYhDdEdnFQOAoLY4SVJB5eUZHGAw/YTIeEEql6lHLlENDYuJ7eaniNhL5mIuQTf/uqSauTl1c1S/IJl3D8zGPw==",
      "requires": {
        "@polymer/polymer": "^3.0.0"
      }
    },
    "@vaadin/vaadin-development-mode-detector": {
      "version": "1.1.0-beta1",
      "resolved": "https://registry.npmjs.org/@vaadin/vaadin-development-mode-detector/-/vaadin-development-mode-detector-1.1.0-beta1.tgz",
      "integrity": "sha512-ZVTqTrc1zNnAe1yejnV+fREglqX/mO3brInMCtjmbbrDuQ6s/6xfkAUl3b7o/nppGnxZUS683hyuK1Ie05zuUg==",
      "requires": {
        "@polymer/polymer": "^3.0.0"
      }
    },
    "@vaadin/vaadin-dialog": {
      "version": "2.1.0-beta2",
      "resolved": "https://registry.npmjs.org/@vaadin/vaadin-dialog/-/vaadin-dialog-2.1.0-beta2.tgz",
      "integrity": "sha512-K2FYAce3CssFXZOpXSypl5Kn1ziu+70wrRpRfi5Cnk8Om0hC2lNYC7FJLcetGsWWDV+aebdnnFB+8T63joCDdw==",
      "requires": {
        "@polymer/polymer": "^3.0.0",
        "@vaadin/vaadin-element-mixin": "^1.1.2",
        "@vaadin/vaadin-lumo-styles": "^1.1.0-beta1",
        "@vaadin/vaadin-material-styles": "^1.1.0-beta1",
        "@vaadin/vaadin-overlay": "^3.1.0-beta2",
        "@vaadin/vaadin-themable-mixin": "^1.2.1"
      }
    },
    "@vaadin/vaadin-dropdown-menu": {
      "version": "1.1.0-beta2",
      "resolved": "https://registry.npmjs.org/@vaadin/vaadin-dropdown-menu/-/vaadin-dropdown-menu-1.1.0-beta2.tgz",
      "integrity": "sha512-/ZRoxbhVBh6AQO8YV+p1LKVyp7tvcNARIkl/Djezv+2I7qPfwq16HIpem+icnB925SmgOt9koglUDJxDhmyYAg==",
      "requires": {
        "@polymer/iron-media-query": "^3.0.0-pre.18",
        "@polymer/polymer": "^3.0.0",
        "@vaadin/vaadin-control-state-mixin": "^2.1.1",
        "@vaadin/vaadin-element-mixin": "^1.1.2",
        "@vaadin/vaadin-lumo-styles": "^1.1.0-beta1",
        "@vaadin/vaadin-material-styles": "^1.1.0-beta1",
        "@vaadin/vaadin-overlay": "^3.1.0-beta2",
        "@vaadin/vaadin-text-field": "^2.1.0-beta2",
        "@vaadin/vaadin-themable-mixin": "^1.2.1"
      }
    },
    "@vaadin/vaadin-element-mixin": {
      "version": "1.1.2",
      "resolved": "https://registry.npmjs.org/@vaadin/vaadin-element-mixin/-/vaadin-element-mixin-1.1.2.tgz",
      "integrity": "sha512-gsnX2/xZZG8HqD9rbEyyXSJRv0BrTYU0RocjtGzGfD86rZiKhmPML04gD+0Sg74d3TH9HzCSvzeMKnQ0Zog12g==",
      "requires": {
        "@polymer/polymer": "^3.0.0",
        "@vaadin/vaadin-development-mode-detector": "^1.1.0-beta1",
        "@vaadin/vaadin-usage-statistics": "^1.1.0-beta1"
      }
    },
    "@vaadin/vaadin-grid": {
      "version": "5.1.0-beta2",
      "resolved": "https://registry.npmjs.org/@vaadin/vaadin-grid/-/vaadin-grid-5.1.0-beta2.tgz",
      "integrity": "sha512-uNitKxT21Jd3jgw6GmfSsc57yYGwQexeKvwWGfL8WF72Czu5ok46W/fou96u3oq9DvLQ0xVmhA+n7W4xkLfPFA==",
      "requires": {
        "@polymer/iron-a11y-announcer": "^3.0.0-pre.18",
        "@polymer/iron-a11y-keys-behavior": "^3.0.0-pre.18",
        "@polymer/iron-resizable-behavior": "^3.0.0-pre.18",
        "@polymer/iron-scroll-target-behavior": "^3.0.0-pre.18",
        "@polymer/polymer": "^3.0.0",
        "@vaadin/vaadin-checkbox": "^2.2.0-beta2",
        "@vaadin/vaadin-element-mixin": "^1.1.2",
        "@vaadin/vaadin-lumo-styles": "^1.1.0-beta1",
        "@vaadin/vaadin-material-styles": "^1.1.0-beta1",
        "@vaadin/vaadin-text-field": "^2.1.0-beta2",
        "@vaadin/vaadin-themable-mixin": "^1.2.1"
      }
    },
    "@vaadin/vaadin-item": {
      "version": "2.1.0-beta2",
      "resolved": "https://registry.npmjs.org/@vaadin/vaadin-item/-/vaadin-item-2.1.0-beta2.tgz",
      "integrity": "sha512-azPrSeikSXAwJ7FPaCmiOx1hIuQzOhNTJLKMst4Ye4yjvXlST+TRLhJVYQgpk84imvnprbYDAG7OUorsz9wroA==",
      "requires": {
        "@polymer/polymer": "^3.0.0",
        "@vaadin/vaadin-lumo-styles": "^1.1.0-beta1",
        "@vaadin/vaadin-material-styles": "^1.1.0-beta1",
        "@vaadin/vaadin-themable-mixin": "^1.2.1"
      }
    },
    "@vaadin/vaadin-list-box": {
      "version": "1.1.0-beta2",
      "resolved": "https://registry.npmjs.org/@vaadin/vaadin-list-box/-/vaadin-list-box-1.1.0-beta2.tgz",
      "integrity": "sha512-vzj06QaursIZVmq3EoWLc2SplFCCProOXYuVw2xe14lqGyNd50uR+LiJgC2jqquDf8xJ30bsJjER3Lh4WR0g7g==",
      "requires": {
        "@polymer/polymer": "^3.0.0",
        "@vaadin/vaadin-element-mixin": "^1.1.2",
        "@vaadin/vaadin-item": "^2.1.0-beta2",
        "@vaadin/vaadin-list-mixin": "^2.1.0-beta1",
        "@vaadin/vaadin-lumo-styles": "^1.1.0-beta1",
        "@vaadin/vaadin-material-styles": "^1.1.0-beta1",
        "@vaadin/vaadin-themable-mixin": "^1.2.1"
      }
    },
    "@vaadin/vaadin-list-mixin": {
      "version": "2.1.0-beta1",
      "resolved": "https://registry.npmjs.org/@vaadin/vaadin-list-mixin/-/vaadin-list-mixin-2.1.0-beta1.tgz",
      "integrity": "sha512-VGSEjfUyb/7HKKOu+v9TCArxW7t94NFXHy1CVX4R8YTfGaow/vznLAPbjNdszzknOVlzzTxdfG8PnbgDIsWXZw==",
      "requires": {
        "@polymer/polymer": "^3.0.0"
      }
    },
    "@vaadin/vaadin-lumo-styles": {
      "version": "1.1.0-beta1",
      "resolved": "https://registry.npmjs.org/@vaadin/vaadin-lumo-styles/-/vaadin-lumo-styles-1.1.0-beta1.tgz",
      "integrity": "sha512-SqHbRIUE+p2X3TguHmC87e9SdyAmHNQC4HQa95SB0fFT0irQznzKVmZt0Z+V7SIGBsoCTofOI0KP1GEgRf0JQQ==",
      "requires": {
        "@polymer/iron-icon": "^3.0.0-pre.18",
        "@polymer/iron-iconset-svg": "^3.0.0-pre.18",
        "@polymer/polymer": "^3.0.0"
      }
    },
    "@vaadin/vaadin-material-styles": {
      "version": "1.1.0-beta1",
      "resolved": "https://registry.npmjs.org/@vaadin/vaadin-material-styles/-/vaadin-material-styles-1.1.0-beta1.tgz",
      "integrity": "sha512-bZak3bBoU/iqb9nU5Kr+dJnRvAXaeYXBkh5sQvWDTi0IsGepsQ4+8mfCTb6thKWSrzyK+qy25fsKQgT1OCFqww==",
      "requires": {
        "@polymer/polymer": "^3.0.0"
      }
    },
    "@vaadin/vaadin-overlay": {
      "version": "3.1.0-beta2",
      "resolved": "https://registry.npmjs.org/@vaadin/vaadin-overlay/-/vaadin-overlay-3.1.0-beta2.tgz",
      "integrity": "sha512-YzFJB6mv8ctfFeH3m7eXCrVyM1vWf0H8hsjdbD8TodomDXKYfYGUQNJa6+RQ4RfT7aSTicJQvy9dHpH6ByJ9lw==",
      "requires": {
        "@polymer/iron-overlay-behavior": "^3.0.0-pre.18",
        "@polymer/polymer": "^3.0.0",
        "@vaadin/vaadin-lumo-styles": "^1.1.0-beta1",
        "@vaadin/vaadin-material-styles": "^1.1.0-beta1",
        "@vaadin/vaadin-themable-mixin": "^1.2.1"
      }
    },
    "@vaadin/vaadin-radio-button": {
      "version": "1.1.0-beta2",
      "resolved": "https://registry.npmjs.org/@vaadin/vaadin-radio-button/-/vaadin-radio-button-1.1.0-beta2.tgz",
      "integrity": "sha512-XVYehDTK1CLX+5dtVO9zufpgwE6Q7locajFQ8CJDu6KBO9TKX2Bpv52piwSPmcw3NR+lymLqnXTUbNrfkKU7qQ==",
      "requires": {
        "@polymer/polymer": "^3.0.0",
        "@vaadin/vaadin-control-state-mixin": "^2.1.1",
        "@vaadin/vaadin-element-mixin": "^1.1.2",
        "@vaadin/vaadin-lumo-styles": "^1.1.0-beta1",
        "@vaadin/vaadin-material-styles": "^1.1.0-beta1",
        "@vaadin/vaadin-themable-mixin": "^1.2.1"
      }
    },
    "@vaadin/vaadin-tabs": {
      "version": "2.1.0-beta2",
      "resolved": "https://registry.npmjs.org/@vaadin/vaadin-tabs/-/vaadin-tabs-2.1.0-beta2.tgz",
      "integrity": "sha512-3nDE3bgXRrG/euwZlzW9P46LT18KKHNDGjiAKE5UUtelzU6/0IvacID6DbGqa1w8SUxHaGjEOD8FE1w408ZIjg==",
      "requires": {
        "@polymer/iron-resizable-behavior": "^3.0.0-pre.18",
        "@polymer/polymer": "^3.0.0",
        "@vaadin/vaadin-element-mixin": "^1.1.2",
        "@vaadin/vaadin-item": "^2.1.0-beta2",
        "@vaadin/vaadin-list-mixin": "^2.1.0-beta1",
        "@vaadin/vaadin-lumo-styles": "^1.1.0-beta1",
        "@vaadin/vaadin-material-styles": "^1.1.0-beta1",
        "@vaadin/vaadin-themable-mixin": "^1.2.1"
      }
    },
    "@vaadin/vaadin-text-field": {
      "version": "2.1.0-beta2",
      "resolved": "https://registry.npmjs.org/@vaadin/vaadin-text-field/-/vaadin-text-field-2.1.0-beta2.tgz",
      "integrity": "sha512-zjWbFgxc8YzruUS35A89QoqYxFy6t5rJ2CjiGU5DHwYuR1inzdPQUq+eyz1TOA2OIa0/LWmU3eP88T1uj1+Pbw==",
      "requires": {
        "@polymer/polymer": "^3.0.0",
        "@vaadin/vaadin-control-state-mixin": "^2.1.1",
        "@vaadin/vaadin-element-mixin": "^1.1.2",
        "@vaadin/vaadin-lumo-styles": "^1.1.0-beta1",
        "@vaadin/vaadin-material-styles": "^1.1.0-beta1",
        "@vaadin/vaadin-themable-mixin": "^1.2.1"
      }
    },
    "@vaadin/vaadin-themable-mixin": {
      "version": "1.2.1",
      "resolved": "https://registry.npmjs.org/@vaadin/vaadin-themable-mixin/-/vaadin-themable-mixin-1.2.1.tgz",
      "integrity": "sha512-5mWCS/Xv2A2pFLtTSNcXl6VuUklihhXfm8JY5MzVaRRg4idYhRroDGIILGTa3NaMDWC9BaTWJgNa+g9rkMKMXQ==",
      "requires": {
        "@polymer/polymer": "^3.0.0"
      }
    },
    "@vaadin/vaadin-usage-statistics": {
      "version": "1.1.0-beta1",
      "resolved": "https://registry.npmjs.org/@vaadin/vaadin-usage-statistics/-/vaadin-usage-statistics-1.1.0-beta1.tgz",
      "integrity": "sha512-ribGDrQg6NI/Wf1JEZdNEEAb6oFdDJmuVoSSwoiBzvkUPr+qHn+3VaKUlan0kfdOHNeQPDllbIqSSeqfjz2EKw==",
      "requires": {
        "@polymer/polymer": "^3.0.0"
      }
    },
    "@webcomponents/shadycss": {
      "version": "1.4.0",
      "resolved": "https://registry.npmjs.org/@webcomponents/shadycss/-/shadycss-1.4.0.tgz",
      "integrity": "sha512-/OK+M06S9YbnTXAHm1QtHhONo0msBej/V84x3ZpSV+sJa1jp/FfOv0mW0IWdluU94QlVrPnJxK2t+Czggfivig=="
    },
    "@whcg/whcg-app": {
      "version": "1.0.0",
      "resolved": "https://registry.npmjs.org/@whcg/whcg-app/-/whcg-app-1.0.0.tgz",
      "integrity": "sha512-S/arwA5L1LS7Gibzj9EOzyzfLepNMrUhOvHnp52ewDsOb0U40v8b4Ii5M3pa5sGEkdF29+6rTMIeYrBdYSonig=="
    },
    "@whcg/whcg-box-container": {
      "version": "1.0.3",
      "resolved": "https://registry.npmjs.org/@whcg/whcg-box-container/-/whcg-box-container-1.0.3.tgz",
      "integrity": "sha512-FTJ/IpYAH7GTYyZm1VXqD5ovv+yPHvjoM9H1YRLQZBAzRcDhVDnzc0YihxwCmWlEoLyaeziSs3q5jlJYg1/Ekw==",
      "requires": {
        "@polymer/polymer": "^3.0.2"
      }
    },
    "@whcg/whcg-button": {
      "version": "1.0.0",
      "resolved": "https://registry.npmjs.org/@whcg/whcg-button/-/whcg-button-1.0.0.tgz",
      "integrity": "sha512-C8ldcY8ndlJ4GOocV0twWnUiQNU1I6t9BOxpBmRsRqfFD7CkBad5Co5ew9H/FrQZ6fXfGzabPKdqeXq4MYBQ9Q==",
      "requires": {
        "@vaadin/vaadin-button": "^2.1.0-beta2"
      }
    },
    "@whcg/whcg-chart": {
      "version": "1.0.3",
      "resolved": "https://registry.npmjs.org/@whcg/whcg-chart/-/whcg-chart-1.0.3.tgz",
      "integrity": "sha512-5ZtNH0p5LgKOXZLTHl0yahA4ICGjN6095byW27K4RDX5TQ0LvQkWnj+CeDi6+VhDDJ7Qdw9OqUjq/rs35kDduA==",
      "requires": {
        "@polymer/polymer": "^3.0.2"
      }
    },
    "@whcg/whcg-chart-feeder": {
      "version": "1.0.2",
      "resolved": "https://registry.npmjs.org/@whcg/whcg-chart-feeder/-/whcg-chart-feeder-1.0.2.tgz",
      "integrity": "sha512-juoGxAGUZmq0/1mtSfw9UzSh8rHFm6ZIwDF7k3jLfffKZcrHnVZg7vb9op8MEu7l9gwtB7lk4ZJvLlCXL6ydOA==",
      "requires": {
        "@polymer/polymer": "^3.0.2"
      }
    },
    "@whcg/whcg-chip": {
      "version": "1.0.2",
      "resolved": "https://registry.npmjs.org/@whcg/whcg-chip/-/whcg-chip-1.0.2.tgz",
      "integrity": "sha512-ZEfYZYcaqKZVZh3i6A6+sreWlBa2ylDn6w9l2fasHfJqQTCNgbtw+BZyJkJrOcrftoZgaIywDMg46baMI2gAQA==",
      "requires": {
        "@vaadin/vaadin-button": "^2.1.0-beta2"
      }
    },
    "@whcg/whcg-general-styles": {
      "version": "1.0.0",
      "resolved": "https://registry.npmjs.org/@whcg/whcg-general-styles/-/whcg-general-styles-1.0.0.tgz",
      "integrity": "sha512-ir0E3za0xqYZB/mzUzoPaSkbC4PtKHAqnLf4BefgOK01THzQGAHWcuLLskBYM88k8Tyk8BAcKNktAOcT2PO+cg=="
    },
    "@whcg/whcg-grid": {
      "version": "1.0.2",
      "resolved": "https://registry.npmjs.org/@whcg/whcg-grid/-/whcg-grid-1.0.2.tgz",
      "integrity": "sha512-NIu/fC1Vrx52rn6AD5o2AYzBRfx3vYCLvyi9hwjYrXCEk0J9JP9j1kRsjArY6v2vRW+Q0W3Z/Ojcu57n+eKIAw==",
      "requires": {
        "@polymer/iron-ajax": "^3.0.0-pre.19",
        "@polymer/polymer": "^3.0.2",
        "@vaadin/vaadin-grid": "^5.0.0-pre.5"
      },
      "dependencies": {
        "@vaadin/vaadin-checkbox": {
          "version": "2.0.0-pre.4",
          "resolved": "https://registry.npmjs.org/@vaadin/vaadin-checkbox/-/vaadin-checkbox-2.0.0-pre.4.tgz",
          "integrity": "sha512-Sfu5FpyzvVwpseKzBOFeKcJumlLWMdHU2P3vQIsABOPqpfZIQwDJv716N45G28D9BLFj/3Ppt3Iyuq3SE+BcHQ==",
          "requires": {
            "@polymer/polymer": "^3.0.0",
            "@vaadin/vaadin-control-state-mixin": "^2.0.3-pre.3",
            "@vaadin/vaadin-element-mixin": "^1.0.2-pre.3",
            "@vaadin/vaadin-lumo-styles": "^1.0.0-pre.6",
            "@vaadin/vaadin-themable-mixin": "^1.1.5-pre.3"
          }
        },
        "@vaadin/vaadin-grid": {
          "version": "5.0.0-pre.5",
          "resolved": "https://registry.npmjs.org/@vaadin/vaadin-grid/-/vaadin-grid-5.0.0-pre.5.tgz",
          "integrity": "sha512-k8PjmBJ6XFVOuhff1Fe62gN3a7kVslF4GXaoolLGNvahnJKIlE4JiZk75oOf+jp/cIgf1ELnGD3cZRcr2JdqXA==",
          "requires": {
            "@polymer/iron-a11y-announcer": "^3.0.0-pre.12",
            "@polymer/iron-a11y-keys-behavior": "^3.0.0-pre.12",
            "@polymer/iron-resizable-behavior": "^3.0.0-pre.12",
            "@polymer/iron-scroll-target-behavior": "^3.0.0-pre.12",
            "@polymer/polymer": "^3.0.0-pre.12",
            "@vaadin/vaadin-checkbox": "^2.0.0-pre.3",
            "@vaadin/vaadin-element-mixin": "^1.0.2-pre.3",
            "@vaadin/vaadin-lumo-styles": "^1.0.0-pre.6",
            "@vaadin/vaadin-text-field": "^2.0.1-pre.2",
            "@vaadin/vaadin-themable-mixin": "^1.1.5-pre.3"
          }
        },
        "@vaadin/vaadin-lumo-styles": {
          "version": "1.0.0-pre.6",
          "resolved": "https://registry.npmjs.org/@vaadin/vaadin-lumo-styles/-/vaadin-lumo-styles-1.0.0-pre.6.tgz",
          "integrity": "sha512-yaS2eNEPbdvJnLDHt7TOXW2kdaUcs/EW9DmsJKWLCCsVwKbyfIgNIx+tLFL//aCFWODnQFbyxxZqT48GBHEHwA==",
          "requires": {
            "@polymer/iron-icon": "^3.0.0-pre.15",
            "@polymer/iron-iconset-svg": "^3.0.0-pre.15",
            "@polymer/polymer": "^3.0.0-pre.13"
          }
        },
        "@vaadin/vaadin-text-field": {
          "version": "2.0.1-pre.2",
          "resolved": "https://registry.npmjs.org/@vaadin/vaadin-text-field/-/vaadin-text-field-2.0.1-pre.2.tgz",
          "integrity": "sha512-OieYCOSqVPoOQUm5DkfavV4EkfGAzJfYoAJJ2F0hfjKBR371mUJqIj7ErVNh+LxmbqQL++tD2JN8I92gob9vMw==",
          "requires": {
            "@polymer/polymer": "^3.0.0-pre.13",
            "@vaadin/vaadin-control-state-mixin": "^2.0.3-pre.2",
            "@vaadin/vaadin-element-mixin": "^1.0.2-pre.2",
            "@vaadin/vaadin-lumo-styles": "^1.0.0-pre.4",
            "@vaadin/vaadin-themable-mixin": "^1.1.5-pre.2"
          }
        }
      }
    },
    "@whcg/whcg-json-maker": {
      "version": "1.0.0",
      "resolved": "https://registry.npmjs.org/@whcg/whcg-json-maker/-/whcg-json-maker-1.0.0.tgz",
      "integrity": "sha512-KxX3tHIuMRZFTYss/Be8ybZ4q8lQ9vAiFs8351UHDMghiIyQk1O9lGRTfK41xMBxpWYlkzUwQLbDZ4VYftDOaQ=="
    },
    "@whcg/whcg-json-merger": {
      "version": "1.0.2",
      "resolved": "https://registry.npmjs.org/@whcg/whcg-json-merger/-/whcg-json-merger-1.0.2.tgz",
      "integrity": "sha512-+iSyqGLt4hvpnX4ovxlwQ3uPR5GYLhi7eQ00gFu0ZShRndOsVWnMCTKmv+hAybiG6kvEVGUWOyetPemv0Ht1oA==",
      "requires": {
        "@polymer/polymer": "^3.0.2"
      }
    },
    "@whcg/whcg-lit-text-field": {
      "version": "1.0.15",
      "resolved": "https://registry.npmjs.org/@whcg/whcg-lit-text-field/-/whcg-lit-text-field-1.0.15.tgz",
      "integrity": "sha512-frljqaW5veWOeglxfi6UYJKen9/AAKw0zNTlUFUsxgJmRlduS2x30snRVe4VN0tSe/C4REnZ1k/Cu1Ksora3KA=="
    },
    "@whcg/whcg-login-check": {
      "version": "1.0.10",
      "resolved": "https://registry.npmjs.org/@whcg/whcg-login-check/-/whcg-login-check-1.0.10.tgz",
      "integrity": "sha512-PZoMrc1ymZASoeo+Lc1jCEHDzHN8+7N8zW6AfkFGiiAsbpWrcS2cRa10gTMecjt5lfu2kF+emyzMkNoneafk+g==",
      "requires": {
        "@polymer/polymer": "^3.0.2"
      }
    },
    "@whcg/whcg-login-fields": {
      "version": "1.0.14",
      "resolved": "https://registry.npmjs.org/@whcg/whcg-login-fields/-/whcg-login-fields-1.0.14.tgz",
      "integrity": "sha512-3RsWgG2kmUmK1SLZKZ19CC6HyAQXMLvUlYS0oxEGeO4B9oeH2FnbdJoWs6Zk7XEDWkl7tM0gVawoU0WMt0lgSw==",
      "requires": {
        "@polymer/polymer": "^3.0.2",
        "@vaadin/vaadin-button": "^2.0.0-pre.4",
        "@vaadin/vaadin-text-field": "^2.0.1-pre.2"
      },
      "dependencies": {
        "@vaadin/vaadin-button": {
          "version": "2.0.0-pre.4",
          "resolved": "https://registry.npmjs.org/@vaadin/vaadin-button/-/vaadin-button-2.0.0-pre.4.tgz",
          "integrity": "sha512-Cy1bI73F+G3Abd8ra9CJn9gAEWZoBsKSfls4zC98QaYI06mb0r4xrFVTqJg2FaG0s8vne7vQPWmGSLuFxJnn2w==",
          "requires": {
            "@polymer/polymer": "^3.0.0",
            "@vaadin/vaadin-control-state-mixin": "^2.0.3-pre.3",
            "@vaadin/vaadin-element-mixin": "^1.0.2-pre.3",
            "@vaadin/vaadin-lumo-styles": "^1.0.0-pre.6",
            "@vaadin/vaadin-themable-mixin": "^1.1.5-pre.3"
          }
        },
        "@vaadin/vaadin-lumo-styles": {
          "version": "1.0.0-pre.6",
          "resolved": "https://registry.npmjs.org/@vaadin/vaadin-lumo-styles/-/vaadin-lumo-styles-1.0.0-pre.6.tgz",
          "integrity": "sha512-yaS2eNEPbdvJnLDHt7TOXW2kdaUcs/EW9DmsJKWLCCsVwKbyfIgNIx+tLFL//aCFWODnQFbyxxZqT48GBHEHwA==",
          "requires": {
            "@polymer/iron-icon": "^3.0.0-pre.15",
            "@polymer/iron-iconset-svg": "^3.0.0-pre.15",
            "@polymer/polymer": "^3.0.0-pre.13"
          }
        },
        "@vaadin/vaadin-text-field": {
          "version": "2.0.1-pre.2",
          "resolved": "https://registry.npmjs.org/@vaadin/vaadin-text-field/-/vaadin-text-field-2.0.1-pre.2.tgz",
          "integrity": "sha512-OieYCOSqVPoOQUm5DkfavV4EkfGAzJfYoAJJ2F0hfjKBR371mUJqIj7ErVNh+LxmbqQL++tD2JN8I92gob9vMw==",
          "requires": {
            "@polymer/polymer": "^3.0.0-pre.13",
            "@vaadin/vaadin-control-state-mixin": "^2.0.3-pre.2",
            "@vaadin/vaadin-element-mixin": "^1.0.2-pre.2",
            "@vaadin/vaadin-lumo-styles": "^1.0.0-pre.4",
            "@vaadin/vaadin-themable-mixin": "^1.1.5-pre.2"
          }
        }
      }
    },
    "@whcg/whcg-multiplier": {
      "version": "1.0.0",
      "resolved": "https://registry.npmjs.org/@whcg/whcg-multiplier/-/whcg-multiplier-1.0.0.tgz",
      "integrity": "sha512-BXSYLbmdG38dIKIHEIUZJMf9cL0WpRfDTLbDpWxGRfFAakVQFOOaNfqflpkc/a811J0tlRXu2hnsPyXZFjRMKQ=="
    },
    "@whcg/whcg-number-field": {
      "version": "1.0.9",
      "resolved": "https://registry.npmjs.org/@whcg/whcg-number-field/-/whcg-number-field-1.0.9.tgz",
      "integrity": "sha512-PmrCMPKpsYHZzZJmtpPsVmRqmxnELgTp55W2BArEoPGAgJIaZy6kpFb3J4Sm7jN7AouLJLu6zG1OlhrtBWEpWA==",
      "requires": {
        "@vaadin/vaadin-text-field": "^2.1.0-beta2"
      }
    },
    "@whcg/whcg-number-field-box": {
      "version": "1.0.11",
      "resolved": "https://registry.npmjs.org/@whcg/whcg-number-field-box/-/whcg-number-field-box-1.0.11.tgz",
      "integrity": "sha512-bk17v1lMiPSkvQQfEGeaUS7ZnycOb/GsEt5BSH49xnkPfFfU0cCKLcku/4DlHNUz9B2dMwd6axSbnu/jge8qRQ==",
      "requires": {
        "@polymer/polymer": "^3.0.2"
      }
    },
    "@whcg/whcg-period-amplifier": {
      "version": "1.0.0",
      "resolved": "https://registry.npmjs.org/@whcg/whcg-period-amplifier/-/whcg-period-amplifier-1.0.0.tgz",
      "integrity": "sha512-j1x4AzN9ZROHVCBccw3JaM3TsyV42V0i1ZIJnUtrcugcYuIZX55SWm+BZpXqiHYGhBB2/3efdil4Bb+jb+WxGA=="
    },
    "@whcg/whcg-period-compounder": {
      "version": "1.0.2",
      "resolved": "https://registry.npmjs.org/@whcg/whcg-period-compounder/-/whcg-period-compounder-1.0.2.tgz",
      "integrity": "sha512-GuhyOSnX5bfBO0CXj7Cyxq+Wfn71KWHaQodYzzZXS48IrwyyElgRfGV1mWiCopSQz0O8rW5pUZM5D5lsoQTKvw==",
      "requires": {
        "@polymer/polymer": "^3.0.2"
      }
    },
    "@whcg/whcg-period-discounter": {
      "version": "1.0.0",
      "resolved": "https://registry.npmjs.org/@whcg/whcg-period-discounter/-/whcg-period-discounter-1.0.0.tgz",
      "integrity": "sha512-nq7e14CmrBXO2awmYPm0fHAMhSUueRHH4B5vzf1eJNCrtxVXklOjiz1iYmpKk3Iicd2qWdW3R3TCzNhC2IiM6Q=="
    },
    "@whcg/whcg-period-summarizer": {
      "version": "1.0.0",
      "resolved": "https://registry.npmjs.org/@whcg/whcg-period-summarizer/-/whcg-period-summarizer-1.0.0.tgz",
      "integrity": "sha512-Sg5Pn7tHvTQe0axtYcZj+W7ggVAxvODS6mr627tSARXFbUGNn+ecYkUrlanvDIO2HBWvlotCPDBP3eaY2aNXcw=="
    },
    "@whcg/whcg-search-box": {
      "version": "1.0.0",
      "resolved": "https://registry.npmjs.org/@whcg/whcg-search-box/-/whcg-search-box-1.0.0.tgz",
      "integrity": "sha512-QiUEwSoa1m6fC7UPXcBkzOgbmLZrjNqFg7dZLuAF9z7AGWwh1GEAjx6mGPLrEu/45WmfC3MK8Zu6VZc8gy0auQ==",
      "requires": {
        "@whcg/whcg-button": "^1.0.0",
        "@whcg/whcg-number-field": "^1.0.7"
      }
    },
    "@whcg/whcg-select": {
      "version": "1.0.0",
      "resolved": "https://registry.npmjs.org/@whcg/whcg-select/-/whcg-select-1.0.0.tgz",
      "integrity": "sha512-z4AbtND5URQgnGZ0XEiWbsWfPiFxNyngaUGJCd/D4PahN1c41A0paDb0SSSdaIZ7IsBw1mk2mebiQ9hxYMww4g=="
    }
  }
}
